
Microsoft Visual Studio Solution File, Format Version 12.00
# Visual Studio 15
Project("{FAE04EC0-301F-11D3-BF4B-00C04F79EFBC}") = "Assembly-CSharp", "Assembly-CSharp.csproj", "{84CB94D0-751B-277F-E5EE-A9AA82598C15}"
EndProject
Project("{FAE04EC0-301F-11D3-BF4B-00C04F79EFBC}") = "Assembly-CSharp-Editor", "Assembly-CSharp-Editor.csproj", "{D58FDD4F-56DE-EE5D-66C7-FD868967968E}"
EndProject
Global
	GlobalSection(SolutionConfigurationPlatforms) = preSolution
		Debug|Any CPU = Debug|Any CPU
		Release|Any CPU = Release|Any CPU
	EndGlobalSection
	GlobalSection(ProjectConfigurationPlatforms) = postSolution
		{84CB94D0-751B-277F-E5EE-A9AA82598C15}.Debug|Any CPU.ActiveCfg = Debug|Any CPU
		{84CB94D0-751B-277F-E5EE-A9AA82598C15}.Debug|Any CPU.Build.0 = Debug|Any CPU
		{84CB94D0-751B-277F-E5EE-A9AA82598C15}.Release|Any CPU.ActiveCfg = Release|Any CPU
		{84CB94D0-751B-277F-E5EE-A9AA82598C15}.Release|Any CPU.Build.0 = Release|Any CPU
		{D58FDD4F-56DE-EE5D-66C7-FD868967968E}.Debug|Any CPU.ActiveCfg = Debug|Any CPU
		{D58FDD4F-56DE-EE5D-66C7-FD868967968E}.Debug|Any CPU.Build.0 = Debug|Any CPU
		{D58FDD4F-56DE-EE5D-66C7-FD868967968E}.Release|Any CPU.ActiveCfg = Release|Any CPU
		{D58FDD4F-56DE-EE5D-66C7-FD868967968E}.Release|Any CPU.Build.0 = Release|Any CPU
	EndGlobalSection
	GlobalSection(SolutionProperties) = preSolution
		HideSolutionNode = FALSE
	EndGlobalSection
EndGlobal
