
Microsoft Visual Studio Solution File, Format Version 12.00
# Visual Studio 15
Project("{FAE04EC0-301F-11D3-BF4B-00C04F79EFBC}") = "Assembly-CSharp", "Assembly-CSharp.csproj", "{12742CBA-177A-9C55-0442-427B2374466B}"
EndProject
Project("{FAE04EC0-301F-11D3-BF4B-00C04F79EFBC}") = "Assembly-CSharp-Editor", "Assembly-CSharp-Editor.csproj", "{451CB96D-ED07-60D0-ABC4-F5F25A76604E}"
EndProject
Global
	GlobalSection(SolutionConfigurationPlatforms) = preSolution
		Debug|Any CPU = Debug|Any CPU
		Release|Any CPU = Release|Any CPU
	EndGlobalSection
	GlobalSection(ProjectConfigurationPlatforms) = postSolution
		{12742CBA-177A-9C55-0442-427B2374466B}.Debug|Any CPU.ActiveCfg = Debug|Any CPU
		{12742CBA-177A-9C55-0442-427B2374466B}.Debug|Any CPU.Build.0 = Debug|Any CPU
		{12742CBA-177A-9C55-0442-427B2374466B}.Release|Any CPU.ActiveCfg = Release|Any CPU
		{12742CBA-177A-9C55-0442-427B2374466B}.Release|Any CPU.Build.0 = Release|Any CPU
		{451CB96D-ED07-60D0-ABC4-F5F25A76604E}.Debug|Any CPU.ActiveCfg = Debug|Any CPU
		{451CB96D-ED07-60D0-ABC4-F5F25A76604E}.Debug|Any CPU.Build.0 = Debug|Any CPU
		{451CB96D-ED07-60D0-ABC4-F5F25A76604E}.Release|Any CPU.ActiveCfg = Release|Any CPU
		{451CB96D-ED07-60D0-ABC4-F5F25A76604E}.Release|Any CPU.Build.0 = Release|Any CPU
	EndGlobalSection
	GlobalSection(SolutionProperties) = preSolution
		HideSolutionNode = FALSE
	EndGlobalSection
EndGlobal
